
Microsoft Visual Studio Solution File, Format Version 12.00
# Visual Studio 15
VisualStudioVersion = 15.0.28010.2041
MinimumVisualStudioVersion = 10.0.40219.1
Project("{FAE04EC0-301F-11D3-BF4B-00C04F79EFBC}") = "webPages", "webPages\webPages.csproj", "{3B0A263F-277A-4245-9277-54F7F1EA00A1}"
EndProject
Global
	GlobalSection(SolutionConfigurationPlatforms) = preSolution
		Debug|Any CPU = Debug|Any CPU
		Release|Any CPU = Release|Any CPU
	EndGlobalSection
	GlobalSection(ProjectConfigurationPlatforms) = postSolution
		{3B0A263F-277A-4245-9277-54F7F1EA00A1}.Debug|Any CPU.ActiveCfg = Debug|Any CPU
		{3B0A263F-277A-4245-9277-54F7F1EA00A1}.Debug|Any CPU.Build.0 = Debug|Any CPU
		{3B0A263F-277A-4245-9277-54F7F1EA00A1}.Release|Any CPU.ActiveCfg = Release|Any CPU
		{3B0A263F-277A-4245-9277-54F7F1EA00A1}.Release|Any CPU.Build.0 = Release|Any CPU
	EndGlobalSection
	GlobalSection(SolutionProperties) = preSolution
		HideSolutionNode = FALSE
	EndGlobalSection
	GlobalSection(ExtensibilityGlobals) = postSolution
		SolutionGuid = {202C0B62-4B56-4025-8B4C-672638CB2DEE}
	EndGlobalSection
EndGlobal
